
Microsoft Visual Studio Solution File, Format Version 12.00
# Visual Studio Version 16
VisualStudioVersion = 16.0.31729.503
MinimumVisualStudioVersion = 10.0.40219.1
Project("{FAE04EC0-301F-11D3-BF4B-00C04F79EFBC}") = "Topan_Sergiu_Lab5", "Topan_Sergiu_Lab5.csproj", "{8F3D818A-3838-4EA3-A69B-CE74619D5EC9}"
EndProject
Project("{FAE04EC0-301F-11D3-BF4B-00C04F79EFBC}") = "AutoGeistModel", "AutoGeistModel\AutoGeistModel.csproj", "{D3CE3F36-0032-4B8A-947C-88361FA05349}"
EndProject
Global
	GlobalSection(SolutionConfigurationPlatforms) = preSolution
		Debug|Any CPU = Debug|Any CPU
		Release|Any CPU = Release|Any CPU
	EndGlobalSection
	GlobalSection(ProjectConfigurationPlatforms) = postSolution
		{8F3D818A-3838-4EA3-A69B-CE74619D5EC9}.Debug|Any CPU.ActiveCfg = Debug|Any CPU
		{8F3D818A-3838-4EA3-A69B-CE74619D5EC9}.Debug|Any CPU.Build.0 = Debug|Any CPU
		{8F3D818A-3838-4EA3-A69B-CE74619D5EC9}.Release|Any CPU.ActiveCfg = Release|Any CPU
		{8F3D818A-3838-4EA3-A69B-CE74619D5EC9}.Release|Any CPU.Build.0 = Release|Any CPU
		{D3CE3F36-0032-4B8A-947C-88361FA05349}.Debug|Any CPU.ActiveCfg = Debug|Any CPU
		{D3CE3F36-0032-4B8A-947C-88361FA05349}.Debug|Any CPU.Build.0 = Debug|Any CPU
		{D3CE3F36-0032-4B8A-947C-88361FA05349}.Release|Any CPU.ActiveCfg = Release|Any CPU
		{D3CE3F36-0032-4B8A-947C-88361FA05349}.Release|Any CPU.Build.0 = Release|Any CPU
	EndGlobalSection
	GlobalSection(SolutionProperties) = preSolution
		HideSolutionNode = FALSE
	EndGlobalSection
	GlobalSection(ExtensibilityGlobals) = postSolution
		SolutionGuid = {D1B17C86-9FE8-4460-914D-8C43AD6E2729}
	EndGlobalSection
EndGlobal
